
Microsoft Visual Studio Solution File, Format Version 12.00
# Visual Studio Version 17
VisualStudioVersion = 17.11.35303.130
MinimumVisualStudioVersion = 10.0.40219.1
Project("{FAE04EC0-301F-11D3-BF4B-00C04F79EFBC}") = "SyntaxTree", "SyntaxTree\SyntaxTree.csproj", "{F40A7BC7-ABB7-45FC-A1B6-6DDA88DED4F1}"
EndProject
Global
	GlobalSection(SolutionConfigurationPlatforms) = preSolution
		Debug|Any CPU = Debug|Any CPU
		Release|Any CPU = Release|Any CPU
	EndGlobalSection
	GlobalSection(ProjectConfigurationPlatforms) = postSolution
		{F40A7BC7-ABB7-45FC-A1B6-6DDA88DED4F1}.Debug|Any CPU.ActiveCfg = Debug|Any CPU
		{F40A7BC7-ABB7-45FC-A1B6-6DDA88DED4F1}.Debug|Any CPU.Build.0 = Debug|Any CPU
		{F40A7BC7-ABB7-45FC-A1B6-6DDA88DED4F1}.Release|Any CPU.ActiveCfg = Release|Any CPU
		{F40A7BC7-ABB7-45FC-A1B6-6DDA88DED4F1}.Release|Any CPU.Build.0 = Release|Any CPU
	EndGlobalSection
	GlobalSection(SolutionProperties) = preSolution
		HideSolutionNode = FALSE
	EndGlobalSection
	GlobalSection(ExtensibilityGlobals) = postSolution
		SolutionGuid = {DD4D6782-A080-44F2-BF85-7A8B93D1799F}
	EndGlobalSection
EndGlobal
